// !$*UTF8*$!
{
	archiveVersion = 1;
	classes = {
	};
	objectVersion = 56;
	objects = {

/* Begin PBXBuildFile section */
		EE1BE2932A71CDA100AA001A /* P1_Tap_CounterApp.swift in Sources */ = {isa = PBXBuildFile; fileRef = EE1BE2922A71CDA100AA001A /* P1_Tap_CounterApp.swift */; };
		EE1BE2952A71CDA100AA001A /* ContentView.swift in Sources */ = {isa = PBXBuildFile; fileRef = EE1BE2942A71CDA100AA001A /* ContentView.swift */; };
		EE1BE2972A71CDA200AA001A /* Assets.xcassets in Resources */ = {isa = PBXBuildFile; fileRef = EE1BE2962A71CDA200AA001A /* Assets.xcassets */; };
		EE1BE29A2A71CDA200AA001A /* Preview Assets.xcassets in Resources */ = {isa = PBXBuildFile; fileRef = EE1BE2992A71CDA200AA001A /* Preview Assets.xcassets */; };
		EE1BE2A42A71CDA200AA001A /* P1_Tap_CounterTests.swift in Sources */ = {isa = PBXBuildFile; fileRef = EE1BE2A32A71CDA200AA001A /* P1_Tap_CounterTests.swift */; };
		EE1BE2AE2A71CDA200AA001A /* P1_Tap_CounterUITests.swift in Sources */ = {isa = PBXBuildFile; fileRef = EE1BE2AD2A71CDA200AA001A /* P1_Tap_CounterUITests.swift */; };
		EE1BE2B02A71CDA200AA001A /* P1_Tap_CounterUITestsLaunchTests.swift in Sources */ = {isa = PBXBuildFile; fileRef = EE1BE2AF2A71CDA200AA001A /* P1_Tap_CounterUITestsLaunchTests.swift */; };
/* End PBXBuildFile section */

/* Begin PBXContainerItemProxy section */
		EE1BE2A02A71CDA200AA001A /* PBXContainerItemProxy */ = {
			isa = PBXContainerItemProxy;
			containerPortal = EE1BE2872A71CDA100AA001A /* Project object */;
			proxyType = 1;
			remoteGlobalIDString = EE1BE28E2A71CDA100AA001A;
			remoteInfo = "P1 Tap Counter";
		};
		EE1BE2AA2A71CDA200AA001A /* PBXContainerItemProxy */ = {
			isa = PBXContainerItemProxy;
			containerPortal = EE1BE2872A71CDA100AA001A /* Project object */;
			proxyType = 1;
			remoteGlobalIDString = EE1BE28E2A71CDA100AA001A;
			remoteInfo = "P1 Tap Counter";
		};
/* End PBXContainerItemProxy section */

/* Begin PBXFileReference section */
		EE1BE28F2A71CDA100AA001A /* P1 Tap Counter.app */ = {isa = PBXFileReference; explicitFileType = wrapper.application; includeInIndex = 0; path = "P1 Tap Counter.app"; sourceTree = BUILT_PRODUCTS_DIR; };
		EE1BE2922A71CDA100AA001A /* P1_Tap_CounterApp.swift */ = {isa = PBXFileReference; lastKnownFileType = sourcecode.swift; path = P1_Tap_CounterApp.swift; sourceTree = "<group>"; };
		EE1BE2942A71CDA100AA001A /* ContentView.swift */ = {isa = PBXFileReference; lastKnownFileType = sourcecode.swift; path = ContentView.swift; sourceTree = "<group>"; };
		EE1BE2962A71CDA200AA001A /* Assets.xcassets */ = {isa = PBXFileReference; lastKnownFileType = folder.assetcatalog; path = Assets.xcassets; sourceTree = "<group>"; };
		EE1BE2992A71CDA200AA001A /* Preview Assets.xcassets */ = {isa = PBXFileReference; lastKnownFileType = folder.assetcatalog; path = "Preview Assets.xcassets"; sourceTree = "<group>"; };
		EE1BE29F2A71CDA200AA001A /* P1 Tap CounterTests.xctest */ = {isa = PBXFileReference; explicitFileType = wrapper.cfbundle; includeInIndex = 0; path = "P1 Tap CounterTests.xctest"; sourceTree = BUILT_PRODUCTS_DIR; };
		EE1BE2A32A71CDA200AA001A /* P1_Tap_CounterTests.swift */ = {isa = PBXFileReference; lastKnownFileType = sourcecode.swift; path = P1_Tap_CounterTests.swift; sourceTree = "<group>"; };
		EE1BE2A92A71CDA200AA001A /* P1 Tap CounterUITests.xctest */ = {isa = PBXFileReference; explicitFileType = wrapper.cfbundle; includeInIndex = 0; path = "P1 Tap CounterUITests.xctest"; sourceTree = BUILT_PRODUCTS_DIR; };
		EE1BE2AD2A71CDA200AA001A /* P1_Tap_CounterUITests.swift */ = {isa = PBXFileReference; lastKnownFileType = sourcecode.swift; path = P1_Tap_CounterUITests.swift; sourceTree = "<group>"; };
		EE1BE2AF2A71CDA200AA001A /* P1_Tap_CounterUITestsLaunchTests.swift */ = {isa = PBXFileReference; lastKnownFileType = sourcecode.swift; path = P1_Tap_CounterUITestsLaunchTests.swift; sourceTree = "<group>"; };
/* End PBXFileReference section */

/* Begin PBXFrameworksBuildPhase section */
		EE1BE28C2A71CDA100AA001A /* Frameworks */ = {
			isa = PBXFrameworksBuildPhase;
			buildActionMask = 2147483647;
			files = (
			);
			runOnlyForDeploymentPostprocessing = 0;
		};
		EE1BE29C2A71CDA200AA001A /* Frameworks */ = {
			isa = PBXFrameworksBuildPhase;
			buildActionMask = 2147483647;
			files = (
			);
			runOnlyForDeploymentPostprocessing = 0;
		};
		EE1BE2A62A71CDA200AA001A /* Frameworks */ = {
			isa = PBXFrameworksBuildPhase;
			buildActionMask = 2147483647;
			files = (
			);
			runOnlyForDeploymentPostprocessing = 0;
		};
/* End PBXFrameworksBuildPhase section */

/* Begin PBXGroup section */
		EE1BE2862A71CDA100AA001A = {
			isa = PBXGroup;
			children = (
				EE1BE2912A71CDA100AA001A /* P1 Tap Counter */,
				EE1BE2A22A71CDA200AA001A /* P1 Tap CounterTests */,
				EE1BE2AC2A71CDA200AA001A /* P1 Tap CounterUITests */,
				EE1BE2902A71CDA100AA001A /* Products */,
			);
			sourceTree = "<group>";
		};
		EE1BE2902A71CDA100AA001A /* Products */ = {
			isa = PBXGroup;
			children = (
				EE1BE28F2A71CDA100AA001A /* P1 Tap Counter.app */,
				EE1BE29F2A71CDA200AA001A /* P1 Tap CounterTests.xctest */,
				EE1BE2A92A71CDA200AA001A /* P1 Tap CounterUITests.xctest */,
			);
			name = Products;
			sourceTree = "<group>";
		};
		EE1BE2912A71CDA100AA001A /* P1 Tap Counter */ = {
			isa = PBXGroup;
			children = (
				EE1BE2922A71CDA100AA001A /* P1_Tap_CounterApp.swift */,
				EE1BE2942A71CDA100AA001A /* ContentView.swift */,
				EE1BE2962A71CDA200AA001A /* Assets.xcassets */,
				EE1BE2982A71CDA200AA001A /* Preview Content */,
			);
			path = "P1 Tap Counter";
			sourceTree = "<group>";
		};
		EE1BE2982A71CDA200AA001A /* Preview Content */ = {
			isa = PBXGroup;
			children = (
				EE1BE2992A71CDA200AA001A /* Preview Assets.xcassets */,
			);
			path = "Preview Content";
			sourceTree = "<group>";
		};
		EE1BE2A22A71CDA200AA001A /* P1 Tap CounterTests */ = {
			isa = PBXGroup;
			children = (
				EE1BE2A32A71CDA200AA001A /* P1_Tap_CounterTests.swift */,
			);
			path = "P1 Tap CounterTests";
			sourceTree = "<group>";
		};
		EE1BE2AC2A71CDA200AA001A /* P1 Tap CounterUITests */ = {
			isa = PBXGroup;
			children = (
				EE1BE2AD2A71CDA200AA001A /* P1_Tap_CounterUITests.swift */,
				EE1BE2AF2A71CDA200AA001A /* P1_Tap_CounterUITestsLaunchTests.swift */,
			);
			path = "P1 Tap CounterUITests";
			sourceTree = "<group>";
		};
/* End PBXGroup section */

/* Begin PBXNativeTarget section */
		EE1BE28E2A71CDA100AA001A /* P1 Tap Counter */ = {
			isa = PBXNativeTarget;
			buildConfigurationList = EE1BE2B32A71CDA200AA001A /* Build configuration list for PBXNativeTarget "P1 Tap Counter" */;
			buildPhases = (
				EE1BE28B2A71CDA100AA001A /* Sources */,
				EE1BE28C2A71CDA100AA001A /* Frameworks */,
				EE1BE28D2A71CDA100AA001A /* Resources */,
			);
			buildRules = (
			);
			dependencies = (
			);
			name = "P1 Tap Counter";
			productName = "P1 Tap Counter";
			productReference = EE1BE28F2A71CDA100AA001A /* P1 Tap Counter.app */;
			productType = "com.apple.product-type.application";
		};
		EE1BE29E2A71CDA200AA001A /* P1 Tap CounterTests */ = {
			isa = PBXNativeTarget;
			buildConfigurationList = EE1BE2B62A71CDA200AA001A /* Build configuration list for PBXNativeTarget "P1 Tap CounterTests" */;
			buildPhases = (
				EE1BE29B2A71CDA200AA001A /* Sources */,
				EE1BE29C2A71CDA200AA001A /* Frameworks */,
				EE1BE29D2A71CDA200AA001A /* Resources */,
			);
			buildRules = (
			);
			dependencies = (
				EE1BE2A12A71CDA200AA001A /* PBXTargetDependency */,
			);
			name = "P1 Tap CounterTests";
			productName = "P1 Tap CounterTests";
			productReference = EE1BE29F2A71CDA200AA001A /* P1 Tap CounterTests.xctest */;
			productType = "com.apple.product-type.bundle.unit-test";
		};
		EE1BE2A82A71CDA200AA001A /* P1 Tap CounterUITests */ = {
			isa = PBXNativeTarget;
			buildConfigurationList = EE1BE2B92A71CDA200AA001A /* Build configuration list for PBXNativeTarget "P1 Tap CounterUITests" */;
			buildPhases = (
				EE1BE2A52A71CDA200AA001A /* Sources */,
				EE1BE2A62A71CDA200AA001A /* Frameworks */,
				EE1BE2A72A71CDA200AA001A /* Resources */,
			);
			buildRules = (
			);
			dependencies = (
				EE1BE2AB2A71CDA200AA001A /* PBXTargetDependency */,
			);
			name = "P1 Tap CounterUITests";
			productName = "P1 Tap CounterUITests";
			productReference = EE1BE2A92A71CDA200AA001A /* P1 Tap CounterUITests.xctest */;
			productType = "com.apple.product-type.bundle.ui-testing";
		};
/* End PBXNativeTarget section */

/* Begin PBXProject section */
		EE1BE2872A71CDA100AA001A /* Project object */ = {
			isa = PBXProject;
			attributes = {
				BuildIndependentTargetsInParallel = 1;
				LastSwiftUpdateCheck = 1430;
				LastUpgradeCheck = 1430;
				TargetAttributes = {
					EE1BE28E2A71CDA100AA001A = {
						CreatedOnToolsVersion = 14.3.1;
					};
					EE1BE29E2A71CDA200AA001A = {
						CreatedOnToolsVersion = 14.3.1;
						TestTargetID = EE1BE28E2A71CDA100AA001A;
					};
					EE1BE2A82A71CDA200AA001A = {
						CreatedOnToolsVersion = 14.3.1;
						TestTargetID = EE1BE28E2A71CDA100AA001A;
					};
				};
			};
			buildConfigurationList = EE1BE28A2A71CDA100AA001A /* Build configuration list for PBXProject "P1 Tap Counter" */;
			compatibilityVersion = "Xcode 14.0";
			developmentRegion = en;
			hasScannedForEncodings = 0;
			knownRegions = (
				en,
				Base,
			);
			mainGroup = EE1BE2862A71CDA100AA001A;
			productRefGroup = EE1BE2902A71CDA100AA001A /* Products */;
			projectDirPath = "";
			projectRoot = "";
			targets = (
				EE1BE28E2A71CDA100AA001A /* P1 Tap Counter */,
				EE1BE29E2A71CDA200AA001A /* P1 Tap CounterTests */,
				EE1BE2A82A71CDA200AA001A /* P1 Tap CounterUITests */,
			);
		};
/* End PBXProject section */

/* Begin PBXResourcesBuildPhase section */
		EE1BE28D2A71CDA100AA001A /* Resources */ = {
			isa = PBXResourcesBuildPhase;
			buildActionMask = 2147483647;
			files = (
				EE1BE29A2A71CDA200AA001A /* Preview Assets.xcassets in Resources */,
				EE1BE2972A71CDA200AA001A /* Assets.xcassets in Resources */,
			);
			runOnlyForDeploymentPostprocessing = 0;
		};
		EE1BE29D2A71CDA200AA001A /* Resources */ = {
			isa = PBXResourcesBuildPhase;
			buildActionMask = 2147483647;
			files = (
			);
			runOnlyForDeploymentPostprocessing = 0;
		};
		EE1BE2A72A71CDA200AA001A /* Resources */ = {
			isa = PBXResourcesBuildPhase;
			buildActionMask = 2147483647;
			files = (
			);
			runOnlyForDeploymentPostprocessing = 0;
		};
/* End PBXResourcesBuildPhase section */

/* Begin PBXSourcesBuildPhase section */
		EE1BE28B2A71CDA100AA001A /* Sources */ = {
			isa = PBXSourcesBuildPhase;
			buildActionMask = 2147483647;
			files = (
				EE1BE2952A71CDA100AA001A /* ContentView.swift in Sources */,
				EE1BE2932A71CDA100AA001A /* P1_Tap_CounterApp.swift in Sources */,
			);
			runOnlyForDeploymentPostprocessing = 0;
		};
		EE1BE29B2A71CDA200AA001A /* Sources */ = {
			isa = PBXSourcesBuildPhase;
			buildActionMask = 2147483647;
			files = (
				EE1BE2A42A71CDA200AA001A /* P1_Tap_CounterTests.swift in Sources */,
			);
			runOnlyForDeploymentPostprocessing = 0;
		};
		EE1BE2A52A71CDA200AA001A /* Sources */ = {
			isa = PBXSourcesBuildPhase;
			buildActionMask = 2147483647;
			files = (
				EE1BE2B02A71CDA200AA001A /* P1_Tap_CounterUITestsLaunchTests.swift in Sources */,
				EE1BE2AE2A71CDA200AA001A /* P1_Tap_CounterUITests.swift in Sources */,
			);
			runOnlyForDeploymentPostprocessing = 0;
		};
/* End PBXSourcesBuildPhase section */

/* Begin PBXTargetDependency section */
		EE1BE2A12A71CDA200AA001A /* PBXTargetDependency */ = {
			isa = PBXTargetDependency;
			target = EE1BE28E2A71CDA100AA001A /* P1 Tap Counter */;
			targetProxy = EE1BE2A02A71CDA200AA001A /* PBXContainerItemProxy */;
		};
		EE1BE2AB2A71CDA200AA001A /* PBXTargetDependency */ = {
			isa = PBXTargetDependency;
			target = EE1BE28E2A71CDA100AA001A /* P1 Tap Counter */;
			targetProxy = EE1BE2AA2A71CDA200AA001A /* PBXContainerItemProxy */;
		};
/* End PBXTargetDependency section */

/* Begin XCBuildConfiguration section */
		EE1BE2B12A71CDA200AA001A /* Debug */ = {
			isa = XCBuildConfiguration;
			buildSettings = {
				ALWAYS_SEARCH_USER_PATHS = NO;
				CLANG_ANALYZER_NONNULL = YES;
				CLANG_ANALYZER_NUMBER_OBJECT_CONVERSION = YES_AGGRESSIVE;
				CLANG_CXX_LANGUAGE_STANDARD = "gnu++20";
				CLANG_ENABLE_MODULES = YES;
				CLANG_ENABLE_OBJC_ARC = YES;
				CLANG_ENABLE_OBJC_WEAK = YES;
				CLANG_WARN_BLOCK_CAPTURE_AUTORELEASING = YES;
				CLANG_WARN_BOOL_CONVERSION = YES;
				CLANG_WARN_COMMA = YES;
				CLANG_WARN_CONSTANT_CONVERSION = YES;
				CLANG_WARN_DEPRECATED_OBJC_IMPLEMENTATIONS = YES;
				CLANG_WARN_DIRECT_OBJC_ISA_USAGE = YES_ERROR;
				CLANG_WARN_DOCUMENTATION_COMMENTS = YES;
				CLANG_WARN_EMPTY_BODY = YES;
				CLANG_WARN_ENUM_CONVERSION = YES;
				CLANG_WARN_INFINITE_RECURSION = YES;
				CLANG_WARN_INT_CONVERSION = YES;
				CLANG_WARN_NON_LITERAL_NULL_CONVERSION = YES;
				CLANG_WARN_OBJC_IMPLICIT_RETAIN_SELF = YES;
				CLANG_WARN_OBJC_LITERAL_CONVERSION = YES;
				CLANG_WARN_OBJC_ROOT_CLASS = YES_ERROR;
				CLANG_WARN_QUOTED_INCLUDE_IN_FRAMEWORK_HEADER = YES;
				CLANG_WARN_RANGE_LOOP_ANALYSIS = YES;
				CLANG_WARN_STRICT_PROTOTYPES = YES;
				CLANG_WARN_SUSPICIOUS_MOVE = YES;
				CLANG_WARN_UNGUARDED_AVAILABILITY = YES_AGGRESSIVE;
				CLANG_WARN_UNREACHABLE_CODE = YES;
				CLANG_WARN__DUPLICATE_METHOD_MATCH = YES;
				COPY_PHASE_STRIP = NO;
				DEBUG_INFORMATION_FORMAT = dwarf;
				ENABLE_STRICT_OBJC_MSGSEND = YES;
				ENABLE_TESTABILITY = YES;
				GCC_C_LANGUAGE_STANDARD = gnu11;
				GCC_DYNAMIC_NO_PIC = NO;
				GCC_NO_COMMON_BLOCKS = YES;
				GCC_OPTIMIZATION_LEVEL = 0;
				GCC_PREPROCESSOR_DEFINITIONS = (
					"DEBUG=1",
					"$(inherited)",
				);
				GCC_WARN_64_TO_32_BIT_CONVERSION = YES;
				GCC_WARN_ABOUT_RETURN_TYPE = YES_ERROR;
				GCC_WARN_UNDECLARED_SELECTOR = YES;
				GCC_WARN_UNINITIALIZED_AUTOS = YES_AGGRESSIVE;
				GCC_WARN_UNUSED_FUNCTION = YES;
				GCC_WARN_UNUSED_VARIABLE = YES;
				IPHONEOS_DEPLOYMENT_TARGET = 16.4;
				MTL_ENABLE_DEBUG_INFO = INCLUDE_SOURCE;
				MTL_FAST_MATH = YES;
				ONLY_ACTIVE_ARCH = YES;
				SDKROOT = iphoneos;
				SWIFT_ACTIVE_COMPILATION_CONDITIONS = DEBUG;
				SWIFT_OPTIMIZATION_LEVEL = "-Onone";
			};
			name = Debug;
		};
		EE1BE2B22A71CDA200AA001A /* Release */ = {
			isa = XCBuildConfiguration;
			buildSettings = {
				ALWAYS_SEARCH_USER_PATHS = NO;
				CLANG_ANALYZER_NONNULL = YES;
				CLANG_ANALYZER_NUMBER_OBJECT_CONVERSION = YES_AGGRESSIVE;
				CLANG_CXX_LANGUAGE_STANDARD = "gnu++20";
				CLANG_ENABLE_MODULES = YES;
				CLANG_ENABLE_OBJC_ARC = YES;
				CLANG_ENABLE_OBJC_WEAK = YES;
				CLANG_WARN_BLOCK_CAPTURE_AUTORELEASING = YES;
				CLANG_WARN_BOOL_CONVERSION = YES;
				CLANG_WARN_COMMA = YES;
				CLANG_WARN_CONSTANT_CONVERSION = YES;
				CLANG_WARN_DEPRECATED_OBJC_IMPLEMENTATIONS = YES;
				CLANG_WARN_DIRECT_OBJC_ISA_USAGE = YES_ERROR;
				CLANG_WARN_DOCUMENTATION_COMMENTS = YES;
				CLANG_WARN_EMPTY_BODY = YES;
				CLANG_WARN_ENUM_CONVERSION = YES;
				CLANG_WARN_INFINITE_RECURSION = YES;
				CLANG_WARN_INT_CONVERSION = YES;
				CLANG_WARN_NON_LITERAL_NULL_CONVERSION = YES;
				CLANG_WARN_OBJC_IMPLICIT_RETAIN_SELF = YES;
				CLANG_WARN_OBJC_LITERAL_CONVERSION = YES;
				CLANG_WARN_OBJC_ROOT_CLASS = YES_ERROR;
				CLANG_WARN_QUOTED_INCLUDE_IN_FRAMEWORK_HEADER = YES;
				CLANG_WARN_RANGE_LOOP_ANALYSIS = YES;
				CLANG_WARN_STRICT_PROTOTYPES = YES;
				CLANG_WARN_SUSPICIOUS_MOVE = YES;
				CLANG_WARN_UNGUARDED_AVAILABILITY = YES_AGGRESSIVE;
				CLANG_WARN_UNREACHABLE_CODE = YES;
				CLANG_WARN__DUPLICATE_METHOD_MATCH = YES;
				COPY_PHASE_STRIP = NO;
				DEBUG_INFORMATION_FORMAT = "dwarf-with-dsym";
				ENABLE_NS_ASSERTIONS = NO;
				ENABLE_STRICT_OBJC_MSGSEND = YES;
				GCC_C_LANGUAGE_STANDARD = gnu11;
				GCC_NO_COMMON_BLOCKS = YES;
				GCC_WARN_64_TO_32_BIT_CONVERSION = YES;
				GCC_WARN_ABOUT_RETURN_TYPE = YES_ERROR;
				GCC_WARN_UNDECLARED_SELECTOR = YES;
				GCC_WARN_UNINITIALIZED_AUTOS = YES_AGGRESSIVE;
				GCC_WARN_UNUSED_FUNCTION = YES;
				GCC_WARN_UNUSED_VARIABLE = YES;
				IPHONEOS_DEPLOYMENT_TARGET = 16.4;
				MTL_ENABLE_DEBUG_INFO = NO;
				MTL_FAST_MATH = YES;
				SDKROOT = iphoneos;
				SWIFT_COMPILATION_MODE = wholemodule;
				SWIFT_OPTIMIZATION_LEVEL = "-O";
				VALIDATE_PRODUCT = YES;
			};
			name = Release;
		};
		EE1BE2B42A71CDA200AA001A /* Debug */ = {
			isa = XCBuildConfiguration;
			buildSettings = {
				ASSETCATALOG_COMPILER_APPICON_NAME = AppIcon;
				ASSETCATALOG_COMPILER_GLOBAL_ACCENT_COLOR_NAME = AccentColor;
				CODE_SIGN_STYLE = Automatic;
				CURRENT_PROJECT_VERSION = 1;
				DEVELOPMENT_ASSET_PATHS = "\"P1 Tap Counter/Preview Content\"";
				ENABLE_PREVIEWS = YES;
				GENERATE_INFOPLIST_FILE = YES;
				INFOPLIST_KEY_UIApplicationSceneManifest_Generation = YES;
				INFOPLIST_KEY_UIApplicationSupportsIndirectInputEvents = YES;
				INFOPLIST_KEY_UILaunchScreen_Generation = YES;
				INFOPLIST_KEY_UISupportedInterfaceOrientations_iPad = "UIInterfaceOrientationPortrait UIInterfaceOrientationPortraitUpsideDown UIInterfaceOrientationLandscapeLeft UIInterfaceOrientationLandscapeRight";
				INFOPLIST_KEY_UISupportedInterfaceOrientations_iPhone = "UIInterfaceOrientationPortrait UIInterfaceOrientationLandscapeLeft UIInterfaceOrientationLandscapeRight";
				LD_RUNPATH_SEARCH_PATHS = (
					"$(inherited)",
					"@executable_path/Frameworks",
				);
				MARKETING_VERSION = 1.0;
				PRODUCT_BUNDLE_IDENTIFIER = "ogi.P1-Tap-Counter";
				PRODUCT_NAME = "$(TARGET_NAME)";
				SWIFT_EMIT_LOC_STRINGS = YES;
				SWIFT_VERSION = 5.0;
				TARGETED_DEVICE_FAMILY = "1,2";
			};
			name = Debug;
		};
		EE1BE2B52A71CDA200AA001A /* Release */ = {
			isa = XCBuildConfiguration;
			buildSettings = {
				ASSETCATALOG_COMPILER_APPICON_NAME = AppIcon;
				ASSETCATALOG_COMPILER_GLOBAL_ACCENT_COLOR_NAME = AccentColor;
				CODE_SIGN_STYLE = Automatic;
				CURRENT_PROJECT_VERSION = 1;
				DEVELOPMENT_ASSET_PATHS = "\"P1 Tap Counter/Preview Content\"";
				ENABLE_PREVIEWS = YES;
				GENERATE_INFOPLIST_FILE = YES;
				INFOPLIST_KEY_UIApplicationSceneManifest_Generation = YES;
				INFOPLIST_KEY_UIApplicationSupportsIndirectInputEvents = YES;
				INFOPLIST_KEY_UILaunchScreen_Generation = YES;
				INFOPLIST_KEY_UISupportedInterfaceOrientations_iPad = "UIInterfaceOrientationPortrait UIInterfaceOrientationPortraitUpsideDown UIInterfaceOrientationLandscapeLeft UIInterfaceOrientationLandscapeRight";
				INFOPLIST_KEY_UISupportedInterfaceOrientations_iPhone = "UIInterfaceOrientationPortrait UIInterfaceOrientationLandscapeLeft UIInterfaceOrientationLandscapeRight";
				LD_RUNPATH_SEARCH_PATHS = (
					"$(inherited)",
					"@executable_path/Frameworks",
				);
				MARKETING_VERSION = 1.0;
				PRODUCT_BUNDLE_IDENTIFIER = "ogi.P1-Tap-Counter";
				PRODUCT_NAME = "$(TARGET_NAME)";
				SWIFT_EMIT_LOC_STRINGS = YES;
				SWIFT_VERSION = 5.0;
				TARGETED_DEVICE_FAMILY = "1,2";
			};
			name = Release;
		};
		EE1BE2B72A71CDA200AA001A /* Debug */ = {
			isa = XCBuildConfiguration;
			buildSettings = {
				ALWAYS_EMBED_SWIFT_STANDARD_LIBRARIES = YES;
				BUNDLE_LOADER = "$(TEST_HOST)";
				CODE_SIGN_STYLE = Automatic;
				CURRENT_PROJECT_VERSION = 1;
				GENERATE_INFOPLIST_FILE = YES;
				IPHONEOS_DEPLOYMENT_TARGET = 16.4;
				MARKETING_VERSION = 1.0;
				PRODUCT_BUNDLE_IDENTIFIER = "ogi.P1-Tap-CounterTests";
				PRODUCT_NAME = "$(TARGET_NAME)";
				SWIFT_EMIT_LOC_STRINGS = NO;
				SWIFT_VERSION = 5.0;
				TARGETED_DEVICE_FAMILY = "1,2";
				TEST_HOST = "$(BUILT_PRODUCTS_DIR)/P1 Tap Counter.app/$(BUNDLE_EXECUTABLE_FOLDER_PATH)/P1 Tap Counter";
			};
			name = Debug;
		};
		EE1BE2B82A71CDA200AA001A /* Release */ = {
			isa = XCBuildConfiguration;
			buildSettings = {
				ALWAYS_EMBED_SWIFT_STANDARD_LIBRARIES = YES;
				BUNDLE_LOADER = "$(TEST_HOST)";
				CODE_SIGN_STYLE = Automatic;
				CURRENT_PROJECT_VERSION = 1;
				GENERATE_INFOPLIST_FILE = YES;
				IPHONEOS_DEPLOYMENT_TARGET = 16.4;
				MARKETING_VERSION = 1.0;
				PRODUCT_BUNDLE_IDENTIFIER = "ogi.P1-Tap-CounterTests";
				PRODUCT_NAME = "$(TARGET_NAME)";
				SWIFT_EMIT_LOC_STRINGS = NO;
				SWIFT_VERSION = 5.0;
				TARGETED_DEVICE_FAMILY = "1,2";
				TEST_HOST = "$(BUILT_PRODUCTS_DIR)/P1 Tap Counter.app/$(BUNDLE_EXECUTABLE_FOLDER_PATH)/P1 Tap Counter";
			};
			name = Release;
		};
		EE1BE2BA2A71CDA200AA001A /* Debug */ = {
			isa = XCBuildConfiguration;
			buildSettings = {
				ALWAYS_EMBED_SWIFT_STANDARD_LIBRARIES = YES;
				CODE_SIGN_STYLE = Automatic;
				CURRENT_PROJECT_VERSION = 1;
				GENERATE_INFOPLIST_FILE = YES;
				MARKETING_VERSION = 1.0;
				PRODUCT_BUNDLE_IDENTIFIER = "ogi.P1-Tap-CounterUITests";
				PRODUCT_NAME = "$(TARGET_NAME)";
				SWIFT_EMIT_LOC_STRINGS = NO;
				SWIFT_VERSION = 5.0;
				TARGETED_DEVICE_FAMILY = "1,2";
				TEST_TARGET_NAME = "P1 Tap Counter";
			};
			name = Debug;
		};
		EE1BE2BB2A71CDA200AA001A /* Release */ = {
			isa = XCBuildConfiguration;
			buildSettings = {
				ALWAYS_EMBED_SWIFT_STANDARD_LIBRARIES = YES;
				CODE_SIGN_STYLE = Automatic;
				CURRENT_PROJECT_VERSION = 1;
				GENERATE_INFOPLIST_FILE = YES;
				MARKETING_VERSION = 1.0;
				PRODUCT_BUNDLE_IDENTIFIER = "ogi.P1-Tap-CounterUITests";
				PRODUCT_NAME = "$(TARGET_NAME)";
				SWIFT_EMIT_LOC_STRINGS = NO;
				SWIFT_VERSION = 5.0;
				TARGETED_DEVICE_FAMILY = "1,2";
				TEST_TARGET_NAME = "P1 Tap Counter";
			};
			name = Release;
		};
/* End XCBuildConfiguration section */

/* Begin XCConfigurationList section */
		EE1BE28A2A71CDA100AA001A /* Build configuration list for PBXProject "P1 Tap Counter" */ = {
			isa = XCConfigurationList;
			buildConfigurations = (
				EE1BE2B12A71CDA200AA001A /* Debug */,
				EE1BE2B22A71CDA200AA001A /* Release */,
			);
			defaultConfigurationIsVisible = 0;
			defaultConfigurationName = Release;
		};
		EE1BE2B32A71CDA200AA001A /* Build configuration list for PBXNativeTarget "P1 Tap Counter" */ = {
			isa = XCConfigurationList;
			buildConfigurations = (
				EE1BE2B42A71CDA200AA001A /* Debug */,
				EE1BE2B52A71CDA200AA001A /* Release */,
			);
			defaultConfigurationIsVisible = 0;
			defaultConfigurationName = Release;
		};
		EE1BE2B62A71CDA200AA001A /* Build configuration list for PBXNativeTarget "P1 Tap CounterTests" */ = {
			isa = XCConfigurationList;
			buildConfigurations = (
				EE1BE2B72A71CDA200AA001A /* Debug */,
				EE1BE2B82A71CDA200AA001A /* Release */,
			);
			defaultConfigurationIsVisible = 0;
			defaultConfigurationName = Release;
		};
		EE1BE2B92A71CDA200AA001A /* Build configuration list for PBXNativeTarget "P1 Tap CounterUITests" */ = {
			isa = XCConfigurationList;
			buildConfigurations = (
				EE1BE2BA2A71CDA200AA001A /* Debug */,
				EE1BE2BB2A71CDA200AA001A /* Release */,
			);
			defaultConfigurationIsVisible = 0;
			defaultConfigurationName = Release;
		};
/* End XCConfigurationList section */
	};
	rootObject = EE1BE2872A71CDA100AA001A /* Project object */;
}
