// !$*UTF8*$!
{
	archiveVersion = 1;
	classes = {
	};
	objectVersion = 56;
	objects = {

/* Begin PBXBuildFile section */
		EEEF1A452ADB34EF00458071 /* P3_iAd_ExecutionApp.swift in Sources */ = {isa = PBXBuildFile; fileRef = EEEF1A442ADB34EF00458071 /* P3_iAd_ExecutionApp.swift */; };
		EEEF1A472ADB34EF00458071 /* ContentView.swift in Sources */ = {isa = PBXBuildFile; fileRef = EEEF1A462ADB34EF00458071 /* ContentView.swift */; };
		EEEF1A492ADB34F000458071 /* Assets.xcassets in Resources */ = {isa = PBXBuildFile; fileRef = EEEF1A482ADB34F000458071 /* Assets.xcassets */; };
		EEEF1A4C2ADB34F000458071 /* Preview Assets.xcassets in Resources */ = {isa = PBXBuildFile; fileRef = EEEF1A4B2ADB34F000458071 /* Preview Assets.xcassets */; };
		EEEF1A562ADB34F000458071 /* P3_iAd_ExecutionTests.swift in Sources */ = {isa = PBXBuildFile; fileRef = EEEF1A552ADB34F000458071 /* P3_iAd_ExecutionTests.swift */; };
		EEEF1A602ADB34F000458071 /* P3_iAd_ExecutionUITests.swift in Sources */ = {isa = PBXBuildFile; fileRef = EEEF1A5F2ADB34F000458071 /* P3_iAd_ExecutionUITests.swift */; };
		EEEF1A622ADB34F000458071 /* P3_iAd_ExecutionUITestsLaunchTests.swift in Sources */ = {isa = PBXBuildFile; fileRef = EEEF1A612ADB34F000458071 /* P3_iAd_ExecutionUITestsLaunchTests.swift */; };
/* End PBXBuildFile section */

/* Begin PBXContainerItemProxy section */
		EEEF1A522ADB34F000458071 /* PBXContainerItemProxy */ = {
			isa = PBXContainerItemProxy;
			containerPortal = EEEF1A392ADB34EF00458071 /* Project object */;
			proxyType = 1;
			remoteGlobalIDString = EEEF1A402ADB34EF00458071;
			remoteInfo = "P3 iAd Execution";
		};
		EEEF1A5C2ADB34F000458071 /* PBXContainerItemProxy */ = {
			isa = PBXContainerItemProxy;
			containerPortal = EEEF1A392ADB34EF00458071 /* Project object */;
			proxyType = 1;
			remoteGlobalIDString = EEEF1A402ADB34EF00458071;
			remoteInfo = "P3 iAd Execution";
		};
/* End PBXContainerItemProxy section */

/* Begin PBXFileReference section */
		EEEF1A412ADB34EF00458071 /* P3 iAd Execution.app */ = {isa = PBXFileReference; explicitFileType = wrapper.application; includeInIndex = 0; path = "P3 iAd Execution.app"; sourceTree = BUILT_PRODUCTS_DIR; };
		EEEF1A442ADB34EF00458071 /* P3_iAd_ExecutionApp.swift */ = {isa = PBXFileReference; lastKnownFileType = sourcecode.swift; path = P3_iAd_ExecutionApp.swift; sourceTree = "<group>"; };
		EEEF1A462ADB34EF00458071 /* ContentView.swift */ = {isa = PBXFileReference; lastKnownFileType = sourcecode.swift; path = ContentView.swift; sourceTree = "<group>"; };
		EEEF1A482ADB34F000458071 /* Assets.xcassets */ = {isa = PBXFileReference; lastKnownFileType = folder.assetcatalog; path = Assets.xcassets; sourceTree = "<group>"; };
		EEEF1A4B2ADB34F000458071 /* Preview Assets.xcassets */ = {isa = PBXFileReference; lastKnownFileType = folder.assetcatalog; path = "Preview Assets.xcassets"; sourceTree = "<group>"; };
		EEEF1A512ADB34F000458071 /* P3 iAd ExecutionTests.xctest */ = {isa = PBXFileReference; explicitFileType = wrapper.cfbundle; includeInIndex = 0; path = "P3 iAd ExecutionTests.xctest"; sourceTree = BUILT_PRODUCTS_DIR; };
		EEEF1A552ADB34F000458071 /* P3_iAd_ExecutionTests.swift */ = {isa = PBXFileReference; lastKnownFileType = sourcecode.swift; path = P3_iAd_ExecutionTests.swift; sourceTree = "<group>"; };
		EEEF1A5B2ADB34F000458071 /* P3 iAd ExecutionUITests.xctest */ = {isa = PBXFileReference; explicitFileType = wrapper.cfbundle; includeInIndex = 0; path = "P3 iAd ExecutionUITests.xctest"; sourceTree = BUILT_PRODUCTS_DIR; };
		EEEF1A5F2ADB34F000458071 /* P3_iAd_ExecutionUITests.swift */ = {isa = PBXFileReference; lastKnownFileType = sourcecode.swift; path = P3_iAd_ExecutionUITests.swift; sourceTree = "<group>"; };
		EEEF1A612ADB34F000458071 /* P3_iAd_ExecutionUITestsLaunchTests.swift */ = {isa = PBXFileReference; lastKnownFileType = sourcecode.swift; path = P3_iAd_ExecutionUITestsLaunchTests.swift; sourceTree = "<group>"; };
/* End PBXFileReference section */

/* Begin PBXFrameworksBuildPhase section */
		EEEF1A3E2ADB34EF00458071 /* Frameworks */ = {
			isa = PBXFrameworksBuildPhase;
			buildActionMask = 2147483647;
			files = (
			);
			runOnlyForDeploymentPostprocessing = 0;
		};
		EEEF1A4E2ADB34F000458071 /* Frameworks */ = {
			isa = PBXFrameworksBuildPhase;
			buildActionMask = 2147483647;
			files = (
			);
			runOnlyForDeploymentPostprocessing = 0;
		};
		EEEF1A582ADB34F000458071 /* Frameworks */ = {
			isa = PBXFrameworksBuildPhase;
			buildActionMask = 2147483647;
			files = (
			);
			runOnlyForDeploymentPostprocessing = 0;
		};
/* End PBXFrameworksBuildPhase section */

/* Begin PBXGroup section */
		EEEF1A382ADB34EF00458071 = {
			isa = PBXGroup;
			children = (
				EEEF1A432ADB34EF00458071 /* P3 iAd Execution */,
				EEEF1A542ADB34F000458071 /* P3 iAd ExecutionTests */,
				EEEF1A5E2ADB34F000458071 /* P3 iAd ExecutionUITests */,
				EEEF1A422ADB34EF00458071 /* Products */,
			);
			sourceTree = "<group>";
		};
		EEEF1A422ADB34EF00458071 /* Products */ = {
			isa = PBXGroup;
			children = (
				EEEF1A412ADB34EF00458071 /* P3 iAd Execution.app */,
				EEEF1A512ADB34F000458071 /* P3 iAd ExecutionTests.xctest */,
				EEEF1A5B2ADB34F000458071 /* P3 iAd ExecutionUITests.xctest */,
			);
			name = Products;
			sourceTree = "<group>";
		};
		EEEF1A432ADB34EF00458071 /* P3 iAd Execution */ = {
			isa = PBXGroup;
			children = (
				EEEF1A442ADB34EF00458071 /* P3_iAd_ExecutionApp.swift */,
				EEEF1A462ADB34EF00458071 /* ContentView.swift */,
				EEEF1A482ADB34F000458071 /* Assets.xcassets */,
				EEEF1A4A2ADB34F000458071 /* Preview Content */,
			);
			path = "P3 iAd Execution";
			sourceTree = "<group>";
		};
		EEEF1A4A2ADB34F000458071 /* Preview Content */ = {
			isa = PBXGroup;
			children = (
				EEEF1A4B2ADB34F000458071 /* Preview Assets.xcassets */,
			);
			path = "Preview Content";
			sourceTree = "<group>";
		};
		EEEF1A542ADB34F000458071 /* P3 iAd ExecutionTests */ = {
			isa = PBXGroup;
			children = (
				EEEF1A552ADB34F000458071 /* P3_iAd_ExecutionTests.swift */,
			);
			path = "P3 iAd ExecutionTests";
			sourceTree = "<group>";
		};
		EEEF1A5E2ADB34F000458071 /* P3 iAd ExecutionUITests */ = {
			isa = PBXGroup;
			children = (
				EEEF1A5F2ADB34F000458071 /* P3_iAd_ExecutionUITests.swift */,
				EEEF1A612ADB34F000458071 /* P3_iAd_ExecutionUITestsLaunchTests.swift */,
			);
			path = "P3 iAd ExecutionUITests";
			sourceTree = "<group>";
		};
/* End PBXGroup section */

/* Begin PBXNativeTarget section */
		EEEF1A402ADB34EF00458071 /* P3 iAd Execution */ = {
			isa = PBXNativeTarget;
			buildConfigurationList = EEEF1A652ADB34F000458071 /* Build configuration list for PBXNativeTarget "P3 iAd Execution" */;
			buildPhases = (
				EEEF1A3D2ADB34EF00458071 /* Sources */,
				EEEF1A3E2ADB34EF00458071 /* Frameworks */,
				EEEF1A3F2ADB34EF00458071 /* Resources */,
			);
			buildRules = (
			);
			dependencies = (
			);
			name = "P3 iAd Execution";
			productName = "P3 iAd Execution";
			productReference = EEEF1A412ADB34EF00458071 /* P3 iAd Execution.app */;
			productType = "com.apple.product-type.application";
		};
		EEEF1A502ADB34F000458071 /* P3 iAd ExecutionTests */ = {
			isa = PBXNativeTarget;
			buildConfigurationList = EEEF1A682ADB34F000458071 /* Build configuration list for PBXNativeTarget "P3 iAd ExecutionTests" */;
			buildPhases = (
				EEEF1A4D2ADB34F000458071 /* Sources */,
				EEEF1A4E2ADB34F000458071 /* Frameworks */,
				EEEF1A4F2ADB34F000458071 /* Resources */,
			);
			buildRules = (
			);
			dependencies = (
				EEEF1A532ADB34F000458071 /* PBXTargetDependency */,
			);
			name = "P3 iAd ExecutionTests";
			productName = "P3 iAd ExecutionTests";
			productReference = EEEF1A512ADB34F000458071 /* P3 iAd ExecutionTests.xctest */;
			productType = "com.apple.product-type.bundle.unit-test";
		};
		EEEF1A5A2ADB34F000458071 /* P3 iAd ExecutionUITests */ = {
			isa = PBXNativeTarget;
			buildConfigurationList = EEEF1A6B2ADB34F000458071 /* Build configuration list for PBXNativeTarget "P3 iAd ExecutionUITests" */;
			buildPhases = (
				EEEF1A572ADB34F000458071 /* Sources */,
				EEEF1A582ADB34F000458071 /* Frameworks */,
				EEEF1A592ADB34F000458071 /* Resources */,
			);
			buildRules = (
			);
			dependencies = (
				EEEF1A5D2ADB34F000458071 /* PBXTargetDependency */,
			);
			name = "P3 iAd ExecutionUITests";
			productName = "P3 iAd ExecutionUITests";
			productReference = EEEF1A5B2ADB34F000458071 /* P3 iAd ExecutionUITests.xctest */;
			productType = "com.apple.product-type.bundle.ui-testing";
		};
/* End PBXNativeTarget section */

/* Begin PBXProject section */
		EEEF1A392ADB34EF00458071 /* Project object */ = {
			isa = PBXProject;
			attributes = {
				BuildIndependentTargetsInParallel = 1;
				LastSwiftUpdateCheck = 1500;
				LastUpgradeCheck = 1500;
				TargetAttributes = {
					EEEF1A402ADB34EF00458071 = {
						CreatedOnToolsVersion = 15.0;
					};
					EEEF1A502ADB34F000458071 = {
						CreatedOnToolsVersion = 15.0;
						TestTargetID = EEEF1A402ADB34EF00458071;
					};
					EEEF1A5A2ADB34F000458071 = {
						CreatedOnToolsVersion = 15.0;
						TestTargetID = EEEF1A402ADB34EF00458071;
					};
				};
			};
			buildConfigurationList = EEEF1A3C2ADB34EF00458071 /* Build configuration list for PBXProject "P3 iAd Execution" */;
			compatibilityVersion = "Xcode 14.0";
			developmentRegion = en;
			hasScannedForEncodings = 0;
			knownRegions = (
				en,
				Base,
			);
			mainGroup = EEEF1A382ADB34EF00458071;
			productRefGroup = EEEF1A422ADB34EF00458071 /* Products */;
			projectDirPath = "";
			projectRoot = "";
			targets = (
				EEEF1A402ADB34EF00458071 /* P3 iAd Execution */,
				EEEF1A502ADB34F000458071 /* P3 iAd ExecutionTests */,
				EEEF1A5A2ADB34F000458071 /* P3 iAd ExecutionUITests */,
			);
		};
/* End PBXProject section */

/* Begin PBXResourcesBuildPhase section */
		EEEF1A3F2ADB34EF00458071 /* Resources */ = {
			isa = PBXResourcesBuildPhase;
			buildActionMask = 2147483647;
			files = (
				EEEF1A4C2ADB34F000458071 /* Preview Assets.xcassets in Resources */,
				EEEF1A492ADB34F000458071 /* Assets.xcassets in Resources */,
			);
			runOnlyForDeploymentPostprocessing = 0;
		};
		EEEF1A4F2ADB34F000458071 /* Resources */ = {
			isa = PBXResourcesBuildPhase;
			buildActionMask = 2147483647;
			files = (
			);
			runOnlyForDeploymentPostprocessing = 0;
		};
		EEEF1A592ADB34F000458071 /* Resources */ = {
			isa = PBXResourcesBuildPhase;
			buildActionMask = 2147483647;
			files = (
			);
			runOnlyForDeploymentPostprocessing = 0;
		};
/* End PBXResourcesBuildPhase section */

/* Begin PBXSourcesBuildPhase section */
		EEEF1A3D2ADB34EF00458071 /* Sources */ = {
			isa = PBXSourcesBuildPhase;
			buildActionMask = 2147483647;
			files = (
				EEEF1A472ADB34EF00458071 /* ContentView.swift in Sources */,
				EEEF1A452ADB34EF00458071 /* P3_iAd_ExecutionApp.swift in Sources */,
			);
			runOnlyForDeploymentPostprocessing = 0;
		};
		EEEF1A4D2ADB34F000458071 /* Sources */ = {
			isa = PBXSourcesBuildPhase;
			buildActionMask = 2147483647;
			files = (
				EEEF1A562ADB34F000458071 /* P3_iAd_ExecutionTests.swift in Sources */,
			);
			runOnlyForDeploymentPostprocessing = 0;
		};
		EEEF1A572ADB34F000458071 /* Sources */ = {
			isa = PBXSourcesBuildPhase;
			buildActionMask = 2147483647;
			files = (
				EEEF1A602ADB34F000458071 /* P3_iAd_ExecutionUITests.swift in Sources */,
				EEEF1A622ADB34F000458071 /* P3_iAd_ExecutionUITestsLaunchTests.swift in Sources */,
			);
			runOnlyForDeploymentPostprocessing = 0;
		};
/* End PBXSourcesBuildPhase section */

/* Begin PBXTargetDependency section */
		EEEF1A532ADB34F000458071 /* PBXTargetDependency */ = {
			isa = PBXTargetDependency;
			target = EEEF1A402ADB34EF00458071 /* P3 iAd Execution */;
			targetProxy = EEEF1A522ADB34F000458071 /* PBXContainerItemProxy */;
		};
		EEEF1A5D2ADB34F000458071 /* PBXTargetDependency */ = {
			isa = PBXTargetDependency;
			target = EEEF1A402ADB34EF00458071 /* P3 iAd Execution */;
			targetProxy = EEEF1A5C2ADB34F000458071 /* PBXContainerItemProxy */;
		};
/* End PBXTargetDependency section */

/* Begin XCBuildConfiguration section */
		EEEF1A632ADB34F000458071 /* Debug */ = {
			isa = XCBuildConfiguration;
			buildSettings = {
				ALWAYS_SEARCH_USER_PATHS = NO;
				ASSETCATALOG_COMPILER_GENERATE_SWIFT_ASSET_SYMBOL_EXTENSIONS = YES;
				CLANG_ANALYZER_NONNULL = YES;
				CLANG_ANALYZER_NUMBER_OBJECT_CONVERSION = YES_AGGRESSIVE;
				CLANG_CXX_LANGUAGE_STANDARD = "gnu++20";
				CLANG_ENABLE_MODULES = YES;
				CLANG_ENABLE_OBJC_ARC = YES;
				CLANG_ENABLE_OBJC_WEAK = YES;
				CLANG_WARN_BLOCK_CAPTURE_AUTORELEASING = YES;
				CLANG_WARN_BOOL_CONVERSION = YES;
				CLANG_WARN_COMMA = YES;
				CLANG_WARN_CONSTANT_CONVERSION = YES;
				CLANG_WARN_DEPRECATED_OBJC_IMPLEMENTATIONS = YES;
				CLANG_WARN_DIRECT_OBJC_ISA_USAGE = YES_ERROR;
				CLANG_WARN_DOCUMENTATION_COMMENTS = YES;
				CLANG_WARN_EMPTY_BODY = YES;
				CLANG_WARN_ENUM_CONVERSION = YES;
				CLANG_WARN_INFINITE_RECURSION = YES;
				CLANG_WARN_INT_CONVERSION = YES;
				CLANG_WARN_NON_LITERAL_NULL_CONVERSION = YES;
				CLANG_WARN_OBJC_IMPLICIT_RETAIN_SELF = YES;
				CLANG_WARN_OBJC_LITERAL_CONVERSION = YES;
				CLANG_WARN_OBJC_ROOT_CLASS = YES_ERROR;
				CLANG_WARN_QUOTED_INCLUDE_IN_FRAMEWORK_HEADER = YES;
				CLANG_WARN_RANGE_LOOP_ANALYSIS = YES;
				CLANG_WARN_STRICT_PROTOTYPES = YES;
				CLANG_WARN_SUSPICIOUS_MOVE = YES;
				CLANG_WARN_UNGUARDED_AVAILABILITY = YES_AGGRESSIVE;
				CLANG_WARN_UNREACHABLE_CODE = YES;
				CLANG_WARN__DUPLICATE_METHOD_MATCH = YES;
				COPY_PHASE_STRIP = NO;
				DEBUG_INFORMATION_FORMAT = dwarf;
				ENABLE_STRICT_OBJC_MSGSEND = YES;
				ENABLE_TESTABILITY = YES;
				ENABLE_USER_SCRIPT_SANDBOXING = YES;
				GCC_C_LANGUAGE_STANDARD = gnu17;
				GCC_DYNAMIC_NO_PIC = NO;
				GCC_NO_COMMON_BLOCKS = YES;
				GCC_OPTIMIZATION_LEVEL = 0;
				GCC_PREPROCESSOR_DEFINITIONS = (
					"DEBUG=1",
					"$(inherited)",
				);
				GCC_WARN_64_TO_32_BIT_CONVERSION = YES;
				GCC_WARN_ABOUT_RETURN_TYPE = YES_ERROR;
				GCC_WARN_UNDECLARED_SELECTOR = YES;
				GCC_WARN_UNINITIALIZED_AUTOS = YES_AGGRESSIVE;
				GCC_WARN_UNUSED_FUNCTION = YES;
				GCC_WARN_UNUSED_VARIABLE = YES;
				IPHONEOS_DEPLOYMENT_TARGET = 17.0;
				LOCALIZATION_PREFERS_STRING_CATALOGS = YES;
				MTL_ENABLE_DEBUG_INFO = INCLUDE_SOURCE;
				MTL_FAST_MATH = YES;
				ONLY_ACTIVE_ARCH = YES;
				SDKROOT = iphoneos;
				SWIFT_ACTIVE_COMPILATION_CONDITIONS = "DEBUG $(inherited)";
				SWIFT_OPTIMIZATION_LEVEL = "-Onone";
			};
			name = Debug;
		};
		EEEF1A642ADB34F000458071 /* Release */ = {
			isa = XCBuildConfiguration;
			buildSettings = {
				ALWAYS_SEARCH_USER_PATHS = NO;
				ASSETCATALOG_COMPILER_GENERATE_SWIFT_ASSET_SYMBOL_EXTENSIONS = YES;
				CLANG_ANALYZER_NONNULL = YES;
				CLANG_ANALYZER_NUMBER_OBJECT_CONVERSION = YES_AGGRESSIVE;
				CLANG_CXX_LANGUAGE_STANDARD = "gnu++20";
				CLANG_ENABLE_MODULES = YES;
				CLANG_ENABLE_OBJC_ARC = YES;
				CLANG_ENABLE_OBJC_WEAK = YES;
				CLANG_WARN_BLOCK_CAPTURE_AUTORELEASING = YES;
				CLANG_WARN_BOOL_CONVERSION = YES;
				CLANG_WARN_COMMA = YES;
				CLANG_WARN_CONSTANT_CONVERSION = YES;
				CLANG_WARN_DEPRECATED_OBJC_IMPLEMENTATIONS = YES;
				CLANG_WARN_DIRECT_OBJC_ISA_USAGE = YES_ERROR;
				CLANG_WARN_DOCUMENTATION_COMMENTS = YES;
				CLANG_WARN_EMPTY_BODY = YES;
				CLANG_WARN_ENUM_CONVERSION = YES;
				CLANG_WARN_INFINITE_RECURSION = YES;
				CLANG_WARN_INT_CONVERSION = YES;
				CLANG_WARN_NON_LITERAL_NULL_CONVERSION = YES;
				CLANG_WARN_OBJC_IMPLICIT_RETAIN_SELF = YES;
				CLANG_WARN_OBJC_LITERAL_CONVERSION = YES;
				CLANG_WARN_OBJC_ROOT_CLASS = YES_ERROR;
				CLANG_WARN_QUOTED_INCLUDE_IN_FRAMEWORK_HEADER = YES;
				CLANG_WARN_RANGE_LOOP_ANALYSIS = YES;
				CLANG_WARN_STRICT_PROTOTYPES = YES;
				CLANG_WARN_SUSPICIOUS_MOVE = YES;
				CLANG_WARN_UNGUARDED_AVAILABILITY = YES_AGGRESSIVE;
				CLANG_WARN_UNREACHABLE_CODE = YES;
				CLANG_WARN__DUPLICATE_METHOD_MATCH = YES;
				COPY_PHASE_STRIP = NO;
				DEBUG_INFORMATION_FORMAT = "dwarf-with-dsym";
				ENABLE_NS_ASSERTIONS = NO;
				ENABLE_STRICT_OBJC_MSGSEND = YES;
				ENABLE_USER_SCRIPT_SANDBOXING = YES;
				GCC_C_LANGUAGE_STANDARD = gnu17;
				GCC_NO_COMMON_BLOCKS = YES;
				GCC_WARN_64_TO_32_BIT_CONVERSION = YES;
				GCC_WARN_ABOUT_RETURN_TYPE = YES_ERROR;
				GCC_WARN_UNDECLARED_SELECTOR = YES;
				GCC_WARN_UNINITIALIZED_AUTOS = YES_AGGRESSIVE;
				GCC_WARN_UNUSED_FUNCTION = YES;
				GCC_WARN_UNUSED_VARIABLE = YES;
				IPHONEOS_DEPLOYMENT_TARGET = 17.0;
				LOCALIZATION_PREFERS_STRING_CATALOGS = YES;
				MTL_ENABLE_DEBUG_INFO = NO;
				MTL_FAST_MATH = YES;
				SDKROOT = iphoneos;
				SWIFT_COMPILATION_MODE = wholemodule;
				VALIDATE_PRODUCT = YES;
			};
			name = Release;
		};
		EEEF1A662ADB34F000458071 /* Debug */ = {
			isa = XCBuildConfiguration;
			buildSettings = {
				ASSETCATALOG_COMPILER_APPICON_NAME = AppIcon;
				ASSETCATALOG_COMPILER_GLOBAL_ACCENT_COLOR_NAME = AccentColor;
				CODE_SIGN_STYLE = Automatic;
				CURRENT_PROJECT_VERSION = 1;
				DEVELOPMENT_ASSET_PATHS = "\"P3 iAd Execution/Preview Content\"";
				ENABLE_PREVIEWS = YES;
				GENERATE_INFOPLIST_FILE = YES;
				INFOPLIST_KEY_UIApplicationSceneManifest_Generation = YES;
				INFOPLIST_KEY_UIApplicationSupportsIndirectInputEvents = YES;
				INFOPLIST_KEY_UILaunchScreen_Generation = YES;
				INFOPLIST_KEY_UISupportedInterfaceOrientations_iPad = "UIInterfaceOrientationPortrait UIInterfaceOrientationPortraitUpsideDown UIInterfaceOrientationLandscapeLeft UIInterfaceOrientationLandscapeRight";
				INFOPLIST_KEY_UISupportedInterfaceOrientations_iPhone = "UIInterfaceOrientationPortrait UIInterfaceOrientationLandscapeLeft UIInterfaceOrientationLandscapeRight";
				LD_RUNPATH_SEARCH_PATHS = (
					"$(inherited)",
					"@executable_path/Frameworks",
				);
				MARKETING_VERSION = 1.0;
				PRODUCT_BUNDLE_IDENTIFIER = "ogi.P3-iAd-Execution";
				PRODUCT_NAME = "$(TARGET_NAME)";
				SWIFT_EMIT_LOC_STRINGS = YES;
				SWIFT_VERSION = 5.0;
				TARGETED_DEVICE_FAMILY = "1,2";
			};
			name = Debug;
		};
		EEEF1A672ADB34F000458071 /* Release */ = {
			isa = XCBuildConfiguration;
			buildSettings = {
				ASSETCATALOG_COMPILER_APPICON_NAME = AppIcon;
				ASSETCATALOG_COMPILER_GLOBAL_ACCENT_COLOR_NAME = AccentColor;
				CODE_SIGN_STYLE = Automatic;
				CURRENT_PROJECT_VERSION = 1;
				DEVELOPMENT_ASSET_PATHS = "\"P3 iAd Execution/Preview Content\"";
				ENABLE_PREVIEWS = YES;
				GENERATE_INFOPLIST_FILE = YES;
				INFOPLIST_KEY_UIApplicationSceneManifest_Generation = YES;
				INFOPLIST_KEY_UIApplicationSupportsIndirectInputEvents = YES;
				INFOPLIST_KEY_UILaunchScreen_Generation = YES;
				INFOPLIST_KEY_UISupportedInterfaceOrientations_iPad = "UIInterfaceOrientationPortrait UIInterfaceOrientationPortraitUpsideDown UIInterfaceOrientationLandscapeLeft UIInterfaceOrientationLandscapeRight";
				INFOPLIST_KEY_UISupportedInterfaceOrientations_iPhone = "UIInterfaceOrientationPortrait UIInterfaceOrientationLandscapeLeft UIInterfaceOrientationLandscapeRight";
				LD_RUNPATH_SEARCH_PATHS = (
					"$(inherited)",
					"@executable_path/Frameworks",
				);
				MARKETING_VERSION = 1.0;
				PRODUCT_BUNDLE_IDENTIFIER = "ogi.P3-iAd-Execution";
				PRODUCT_NAME = "$(TARGET_NAME)";
				SWIFT_EMIT_LOC_STRINGS = YES;
				SWIFT_VERSION = 5.0;
				TARGETED_DEVICE_FAMILY = "1,2";
			};
			name = Release;
		};
		EEEF1A692ADB34F000458071 /* Debug */ = {
			isa = XCBuildConfiguration;
			buildSettings = {
				ALWAYS_EMBED_SWIFT_STANDARD_LIBRARIES = YES;
				BUNDLE_LOADER = "$(TEST_HOST)";
				CODE_SIGN_STYLE = Automatic;
				CURRENT_PROJECT_VERSION = 1;
				GENERATE_INFOPLIST_FILE = YES;
				IPHONEOS_DEPLOYMENT_TARGET = 17.0;
				MARKETING_VERSION = 1.0;
				PRODUCT_BUNDLE_IDENTIFIER = "ogi.P3-iAd-ExecutionTests";
				PRODUCT_NAME = "$(TARGET_NAME)";
				SWIFT_EMIT_LOC_STRINGS = NO;
				SWIFT_VERSION = 5.0;
				TARGETED_DEVICE_FAMILY = "1,2";
				TEST_HOST = "$(BUILT_PRODUCTS_DIR)/P3 iAd Execution.app/$(BUNDLE_EXECUTABLE_FOLDER_PATH)/P3 iAd Execution";
			};
			name = Debug;
		};
		EEEF1A6A2ADB34F000458071 /* Release */ = {
			isa = XCBuildConfiguration;
			buildSettings = {
				ALWAYS_EMBED_SWIFT_STANDARD_LIBRARIES = YES;
				BUNDLE_LOADER = "$(TEST_HOST)";
				CODE_SIGN_STYLE = Automatic;
				CURRENT_PROJECT_VERSION = 1;
				GENERATE_INFOPLIST_FILE = YES;
				IPHONEOS_DEPLOYMENT_TARGET = 17.0;
				MARKETING_VERSION = 1.0;
				PRODUCT_BUNDLE_IDENTIFIER = "ogi.P3-iAd-ExecutionTests";
				PRODUCT_NAME = "$(TARGET_NAME)";
				SWIFT_EMIT_LOC_STRINGS = NO;
				SWIFT_VERSION = 5.0;
				TARGETED_DEVICE_FAMILY = "1,2";
				TEST_HOST = "$(BUILT_PRODUCTS_DIR)/P3 iAd Execution.app/$(BUNDLE_EXECUTABLE_FOLDER_PATH)/P3 iAd Execution";
			};
			name = Release;
		};
		EEEF1A6C2ADB34F000458071 /* Debug */ = {
			isa = XCBuildConfiguration;
			buildSettings = {
				ALWAYS_EMBED_SWIFT_STANDARD_LIBRARIES = YES;
				CODE_SIGN_STYLE = Automatic;
				CURRENT_PROJECT_VERSION = 1;
				GENERATE_INFOPLIST_FILE = YES;
				MARKETING_VERSION = 1.0;
				PRODUCT_BUNDLE_IDENTIFIER = "ogi.P3-iAd-ExecutionUITests";
				PRODUCT_NAME = "$(TARGET_NAME)";
				SWIFT_EMIT_LOC_STRINGS = NO;
				SWIFT_VERSION = 5.0;
				TARGETED_DEVICE_FAMILY = "1,2";
				TEST_TARGET_NAME = "P3 iAd Execution";
			};
			name = Debug;
		};
		EEEF1A6D2ADB34F000458071 /* Release */ = {
			isa = XCBuildConfiguration;
			buildSettings = {
				ALWAYS_EMBED_SWIFT_STANDARD_LIBRARIES = YES;
				CODE_SIGN_STYLE = Automatic;
				CURRENT_PROJECT_VERSION = 1;
				GENERATE_INFOPLIST_FILE = YES;
				MARKETING_VERSION = 1.0;
				PRODUCT_BUNDLE_IDENTIFIER = "ogi.P3-iAd-ExecutionUITests";
				PRODUCT_NAME = "$(TARGET_NAME)";
				SWIFT_EMIT_LOC_STRINGS = NO;
				SWIFT_VERSION = 5.0;
				TARGETED_DEVICE_FAMILY = "1,2";
				TEST_TARGET_NAME = "P3 iAd Execution";
			};
			name = Release;
		};
/* End XCBuildConfiguration section */

/* Begin XCConfigurationList section */
		EEEF1A3C2ADB34EF00458071 /* Build configuration list for PBXProject "P3 iAd Execution" */ = {
			isa = XCConfigurationList;
			buildConfigurations = (
				EEEF1A632ADB34F000458071 /* Debug */,
				EEEF1A642ADB34F000458071 /* Release */,
			);
			defaultConfigurationIsVisible = 0;
			defaultConfigurationName = Release;
		};
		EEEF1A652ADB34F000458071 /* Build configuration list for PBXNativeTarget "P3 iAd Execution" */ = {
			isa = XCConfigurationList;
			buildConfigurations = (
				EEEF1A662ADB34F000458071 /* Debug */,
				EEEF1A672ADB34F000458071 /* Release */,
			);
			defaultConfigurationIsVisible = 0;
			defaultConfigurationName = Release;
		};
		EEEF1A682ADB34F000458071 /* Build configuration list for PBXNativeTarget "P3 iAd ExecutionTests" */ = {
			isa = XCConfigurationList;
			buildConfigurations = (
				EEEF1A692ADB34F000458071 /* Debug */,
				EEEF1A6A2ADB34F000458071 /* Release */,
			);
			defaultConfigurationIsVisible = 0;
			defaultConfigurationName = Release;
		};
		EEEF1A6B2ADB34F000458071 /* Build configuration list for PBXNativeTarget "P3 iAd ExecutionUITests" */ = {
			isa = XCConfigurationList;
			buildConfigurations = (
				EEEF1A6C2ADB34F000458071 /* Debug */,
				EEEF1A6D2ADB34F000458071 /* Release */,
			);
			defaultConfigurationIsVisible = 0;
			defaultConfigurationName = Release;
		};
/* End XCConfigurationList section */
	};
	rootObject = EEEF1A392ADB34EF00458071 /* Project object */;
}
